// !$*UTF8*$!
{
	archiveVersion = 1;
	classes = {
	};
	objectVersion = 50;
	objects = {

/* Begin PBXBuildFile section */
		B338DDE8212C49C200639448 /* AppDelegate.swift in Sources */ = {isa = PBXBuildFile; fileRef = B338DDE7212C49C200639448 /* AppDelegate.swift */; };
		B338DDEA212C49C200639448 /* ViewController.swift in Sources */ = {isa = PBXBuildFile; fileRef = B338DDE9212C49C200639448 /* ViewController.swift */; };
		B338DDED212C49C200639448 /* Main.storyboard in Resources */ = {isa = PBXBuildFile; fileRef = B338DDEB212C49C200639448 /* Main.storyboard */; };
		B338DDEF212C49C300639448 /* Assets.xcassets in Resources */ = {isa = PBXBuildFile; fileRef = B338DDEE212C49C300639448 /* Assets.xcassets */; };
		B338DDF2212C49C300639448 /* LaunchScreen.storyboard in Resources */ = {isa = PBXBuildFile; fileRef = B338DDF0212C49C300639448 /* LaunchScreen.storyboard */; };
		B338DDFD212C49C300639448 /* ios_ciTests.swift in Sources */ = {isa = PBXBuildFile; fileRef = B338DDFC212C49C300639448 /* ios_ciTests.swift */; };
/* End PBXBuildFile section */

/* Begin PBXContainerItemProxy section */
		B338DDF9212C49C300639448 /* PBXContainerItemProxy */ = {
			isa = PBXContainerItemProxy;
			containerPortal = B338DDDC212C49C200639448 /* Project object */;
			proxyType = 1;
			remoteGlobalIDString = B338DDE3212C49C200639448;
			remoteInfo = "ios-ci";
		};
/* End PBXContainerItemProxy section */

/* Begin PBXFileReference section */
		B338DDE4212C49C200639448 /* ios-ci.app */ = {isa = PBXFileReference; explicitFileType = wrapper.application; includeInIndex = 0; path = "ios-ci.app"; sourceTree = BUILT_PRODUCTS_DIR; };
		B338DDE7212C49C200639448 /* AppDelegate.swift */ = {isa = PBXFileReference; lastKnownFileType = sourcecode.swift; path = AppDelegate.swift; sourceTree = "<group>"; };
		B338DDE9212C49C200639448 /* ViewController.swift */ = {isa = PBXFileReference; lastKnownFileType = sourcecode.swift; path = ViewController.swift; sourceTree = "<group>"; };
		B338DDEC212C49C200639448 /* Base */ = {isa = PBXFileReference; lastKnownFileType = file.storyboard; name = Base; path = Base.lproj/Main.storyboard; sourceTree = "<group>"; };
		B338DDEE212C49C300639448 /* Assets.xcassets */ = {isa = PBXFileReference; lastKnownFileType = folder.assetcatalog; path = Assets.xcassets; sourceTree = "<group>"; };
		B338DDF1212C49C300639448 /* Base */ = {isa = PBXFileReference; lastKnownFileType = file.storyboard; name = Base; path = Base.lproj/LaunchScreen.storyboard; sourceTree = "<group>"; };
		B338DDF3212C49C300639448 /* Info.plist */ = {isa = PBXFileReference; lastKnownFileType = text.plist.xml; path = Info.plist; sourceTree = "<group>"; };
		B338DDF8212C49C300639448 /* ios-ciTests.xctest */ = {isa = PBXFileReference; explicitFileType = wrapper.cfbundle; includeInIndex = 0; path = "ios-ciTests.xctest"; sourceTree = BUILT_PRODUCTS_DIR; };
		B338DDFC212C49C300639448 /* ios_ciTests.swift */ = {isa = PBXFileReference; lastKnownFileType = sourcecode.swift; path = ios_ciTests.swift; sourceTree = "<group>"; };
		B338DDFE212C49C300639448 /* Info.plist */ = {isa = PBXFileReference; lastKnownFileType = text.plist.xml; path = Info.plist; sourceTree = "<group>"; };
/* End PBXFileReference section */

/* Begin PBXFrameworksBuildPhase section */
		B338DDE1212C49C200639448 /* Frameworks */ = {
			isa = PBXFrameworksBuildPhase;
			buildActionMask = 2147483647;
			files = (
			);
			runOnlyForDeploymentPostprocessing = 0;
		};
		B338DDF5212C49C300639448 /* Frameworks */ = {
			isa = PBXFrameworksBuildPhase;
			buildActionMask = 2147483647;
			files = (
			);
			runOnlyForDeploymentPostprocessing = 0;
		};
/* End PBXFrameworksBuildPhase section */

/* Begin PBXGroup section */
		B338DDDB212C49C200639448 = {
			isa = PBXGroup;
			children = (
				B338DDE6212C49C200639448 /* ios-ci */,
				B338DDFB212C49C300639448 /* ios-ciTests */,
				B338DDE5212C49C200639448 /* Products */,
			);
			sourceTree = "<group>";
		};
		B338DDE5212C49C200639448 /* Products */ = {
			isa = PBXGroup;
			children = (
				B338DDE4212C49C200639448 /* ios-ci.app */,
				B338DDF8212C49C300639448 /* ios-ciTests.xctest */,
			);
			name = Products;
			sourceTree = "<group>";
		};
		B338DDE6212C49C200639448 /* ios-ci */ = {
			isa = PBXGroup;
			children = (
				B338DDE7212C49C200639448 /* AppDelegate.swift */,
				B338DDE9212C49C200639448 /* ViewController.swift */,
				B338DDEB212C49C200639448 /* Main.storyboard */,
				B338DDEE212C49C300639448 /* Assets.xcassets */,
				B338DDF0212C49C300639448 /* LaunchScreen.storyboard */,
				B338DDF3212C49C300639448 /* Info.plist */,
			);
			path = "ios-ci";
			sourceTree = "<group>";
		};
		B338DDFB212C49C300639448 /* ios-ciTests */ = {
			isa = PBXGroup;
			children = (
				B338DDFC212C49C300639448 /* ios_ciTests.swift */,
				B338DDFE212C49C300639448 /* Info.plist */,
			);
			path = "ios-ciTests";
			sourceTree = "<group>";
		};
/* End PBXGroup section */

/* Begin PBXNativeTarget section */
		B338DDE3212C49C200639448 /* ios-ci */ = {
			isa = PBXNativeTarget;
			buildConfigurationList = B338DE01212C49C300639448 /* Build configuration list for PBXNativeTarget "ios-ci" */;
			buildPhases = (
				B338DDE0212C49C200639448 /* Sources */,
				B338DDE1212C49C200639448 /* Frameworks */,
				B338DDE2212C49C200639448 /* Resources */,
			);
			buildRules = (
			);
			dependencies = (
			);
			name = "ios-ci";
			productName = "ios-ci";
			productReference = B338DDE4212C49C200639448 /* ios-ci.app */;
			productType = "com.apple.product-type.application";
		};
		B338DDF7212C49C300639448 /* ios-ciTests */ = {
			isa = PBXNativeTarget;
			buildConfigurationList = B338DE04212C49C300639448 /* Build configuration list for PBXNativeTarget "ios-ciTests" */;
			buildPhases = (
				B338DDF4212C49C300639448 /* Sources */,
				B338DDF5212C49C300639448 /* Frameworks */,
				B338DDF6212C49C300639448 /* Resources */,
			);
			buildRules = (
			);
			dependencies = (
				B338DDFA212C49C300639448 /* PBXTargetDependency */,
			);
			name = "ios-ciTests";
			productName = "ios-ciTests";
			productReference = B338DDF8212C49C300639448 /* ios-ciTests.xctest */;
			productType = "com.apple.product-type.bundle.unit-test";
		};
/* End PBXNativeTarget section */

/* Begin PBXProject section */
		B338DDDC212C49C200639448 /* Project object */ = {
			isa = PBXProject;
			attributes = {
				LastSwiftUpdateCheck = 0940;
				LastUpgradeCheck = 0940;
				ORGANIZATIONNAME = "Or May-Paz";
				TargetAttributes = {
					B338DDE3212C49C200639448 = {
						CreatedOnToolsVersion = 9.4.1;
					};
					B338DDF7212C49C300639448 = {
						CreatedOnToolsVersion = 9.4.1;
						TestTargetID = B338DDE3212C49C200639448;
					};
				};
			};
			buildConfigurationList = B338DDDF212C49C200639448 /* Build configuration list for PBXProject "ios-ci" */;
			compatibilityVersion = "Xcode 9.3";
			developmentRegion = en;
			hasScannedForEncodings = 0;
			knownRegions = (
				en,
				Base,
			);
			mainGroup = B338DDDB212C49C200639448;
			productRefGroup = B338DDE5212C49C200639448 /* Products */;
			projectDirPath = "";
			projectRoot = "";
			targets = (
				B338DDE3212C49C200639448 /* ios-ci */,
				B338DDF7212C49C300639448 /* ios-ciTests */,
			);
		};
/* End PBXProject section */

/* Begin PBXResourcesBuildPhase section */
		B338DDE2212C49C200639448 /* Resources */ = {
			isa = PBXResourcesBuildPhase;
			buildActionMask = 2147483647;
			files = (
				B338DDF2212C49C300639448 /* LaunchScreen.storyboard in Resources */,
				B338DDEF212C49C300639448 /* Assets.xcassets in Resources */,
				B338DDED212C49C200639448 /* Main.storyboard in Resources */,
			);
			runOnlyForDeploymentPostprocessing = 0;
		};
		B338DDF6212C49C300639448 /* Resources */ = {
			isa = PBXResourcesBuildPhase;
			buildActionMask = 2147483647;
			files = (
			);
			runOnlyForDeploymentPostprocessing = 0;
		};
/* End PBXResourcesBuildPhase section */

/* Begin PBXSourcesBuildPhase section */
		B338DDE0212C49C200639448 /* Sources */ = {
			isa = PBXSourcesBuildPhase;
			buildActionMask = 2147483647;
			files = (
				B338DDEA212C49C200639448 /* ViewController.swift in Sources */,
				B338DDE8212C49C200639448 /* AppDelegate.swift in Sources */,
			);
			runOnlyForDeploymentPostprocessing = 0;
		};
		B338DDF4212C49C300639448 /* Sources */ = {
			isa = PBXSourcesBuildPhase;
			buildActionMask = 2147483647;
			files = (
				B338DDFD212C49C300639448 /* ios_ciTests.swift in Sources */,
			);
			runOnlyForDeploymentPostprocessing = 0;
		};
/* End PBXSourcesBuildPhase section */

/* Begin PBXTargetDependency section */
		B338DDFA212C49C300639448 /* PBXTargetDependency */ = {
			isa = PBXTargetDependency;
			target = B338DDE3212C49C200639448 /* ios-ci */;
			targetProxy = B338DDF9212C49C300639448 /* PBXContainerItemProxy */;
		};
/* End PBXTargetDependency section */

/* Begin PBXVariantGroup section */
		B338DDEB212C49C200639448 /* Main.storyboard */ = {
			isa = PBXVariantGroup;
			children = (
				B338DDEC212C49C200639448 /* Base */,
			);
			name = Main.storyboard;
			sourceTree = "<group>";
		};
		B338DDF0212C49C300639448 /* LaunchScreen.storyboard */ = {
			isa = PBXVariantGroup;
			children = (
				B338DDF1212C49C300639448 /* Base */,
			);
			name = LaunchScreen.storyboard;
			sourceTree = "<group>";
		};
/* End PBXVariantGroup section */

/* Begin XCBuildConfiguration section */
		B338DDFF212C49C300639448 /* Debug */ = {
			isa = XCBuildConfiguration;
			buildSettings = {
				ALWAYS_SEARCH_USER_PATHS = NO;
				CLANG_ANALYZER_NONNULL = YES;
				CLANG_ANALYZER_NUMBER_OBJECT_CONVERSION = YES_AGGRESSIVE;
				CLANG_CXX_LANGUAGE_STANDARD = "gnu++14";
				CLANG_CXX_LIBRARY = "libc++";
				CLANG_ENABLE_MODULES = YES;
				CLANG_ENABLE_OBJC_ARC = YES;
				CLANG_ENABLE_OBJC_WEAK = YES;
				CLANG_WARN_BLOCK_CAPTURE_AUTORELEASING = YES;
				CLANG_WARN_BOOL_CONVERSION = YES;
				CLANG_WARN_COMMA = YES;
				CLANG_WARN_CONSTANT_CONVERSION = YES;
				CLANG_WARN_DEPRECATED_OBJC_IMPLEMENTATIONS = YES;
				CLANG_WARN_DIRECT_OBJC_ISA_USAGE = YES_ERROR;
				CLANG_WARN_DOCUMENTATION_COMMENTS = YES;
				CLANG_WARN_EMPTY_BODY = YES;
				CLANG_WARN_ENUM_CONVERSION = YES;
				CLANG_WARN_INFINITE_RECURSION = YES;
				CLANG_WARN_INT_CONVERSION = YES;
				CLANG_WARN_NON_LITERAL_NULL_CONVERSION = YES;
				CLANG_WARN_OBJC_IMPLICIT_RETAIN_SELF = YES;
				CLANG_WARN_OBJC_LITERAL_CONVERSION = YES;
				CLANG_WARN_OBJC_ROOT_CLASS = YES_ERROR;
				CLANG_WARN_RANGE_LOOP_ANALYSIS = YES;
				CLANG_WARN_STRICT_PROTOTYPES = YES;
				CLANG_WARN_SUSPICIOUS_MOVE = YES;
				CLANG_WARN_UNGUARDED_AVAILABILITY = YES_AGGRESSIVE;
				CLANG_WARN_UNREACHABLE_CODE = YES;
				CLANG_WARN__DUPLICATE_METHOD_MATCH = YES;
				CODE_SIGN_IDENTITY = "iPhone Developer";
				COPY_PHASE_STRIP = NO;
				DEBUG_INFORMATION_FORMAT = dwarf;
				ENABLE_STRICT_OBJC_MSGSEND = YES;
				ENABLE_TESTABILITY = YES;
				GCC_C_LANGUAGE_STANDARD = gnu11;
				GCC_DYNAMIC_NO_PIC = NO;
				GCC_NO_COMMON_BLOCKS = YES;
				GCC_OPTIMIZATION_LEVEL = 0;
				GCC_PREPROCESSOR_DEFINITIONS = (
					"DEBUG=1",
					"$(inherited)",
				);
				GCC_WARN_64_TO_32_BIT_CONVERSION = YES;
				GCC_WARN_ABOUT_RETURN_TYPE = YES_ERROR;
				GCC_WARN_UNDECLARED_SELECTOR = YES;
				GCC_WARN_UNINITIALIZED_AUTOS = YES_AGGRESSIVE;
				GCC_WARN_UNUSED_FUNCTION = YES;
				GCC_WARN_UNUSED_VARIABLE = YES;
				IPHONEOS_DEPLOYMENT_TARGET = 11.4;
				MTL_ENABLE_DEBUG_INFO = YES;
				ONLY_ACTIVE_ARCH = YES;
				SDKROOT = iphoneos;
				SWIFT_ACTIVE_COMPILATION_CONDITIONS = DEBUG;
				SWIFT_OPTIMIZATION_LEVEL = "-Onone";
			};
			name = Debug;
		};
		B338DE00212C49C300639448 /* Release */ = {
			isa = XCBuildConfiguration;
			buildSettings = {
				ALWAYS_SEARCH_USER_PATHS = NO;
				CLANG_ANALYZER_NONNULL = YES;
				CLANG_ANALYZER_NUMBER_OBJECT_CONVERSION = YES_AGGRESSIVE;
				CLANG_CXX_LANGUAGE_STANDARD = "gnu++14";
				CLANG_CXX_LIBRARY = "libc++";
				CLANG_ENABLE_MODULES = YES;
				CLANG_ENABLE_OBJC_ARC = YES;
				CLANG_ENABLE_OBJC_WEAK = YES;
				CLANG_WARN_BLOCK_CAPTURE_AUTORELEASING = YES;
				CLANG_WARN_BOOL_CONVERSION = YES;
				CLANG_WARN_COMMA = YES;
				CLANG_WARN_CONSTANT_CONVERSION = YES;
				CLANG_WARN_DEPRECATED_OBJC_IMPLEMENTATIONS = YES;
				CLANG_WARN_DIRECT_OBJC_ISA_USAGE = YES_ERROR;
				CLANG_WARN_DOCUMENTATION_COMMENTS = YES;
				CLANG_WARN_EMPTY_BODY = YES;
				CLANG_WARN_ENUM_CONVERSION = YES;
				CLANG_WARN_INFINITE_RECURSION = YES;
				CLANG_WARN_INT_CONVERSION = YES;
				CLANG_WARN_NON_LITERAL_NULL_CONVERSION = YES;
				CLANG_WARN_OBJC_IMPLICIT_RETAIN_SELF = YES;
				CLANG_WARN_OBJC_LITERAL_CONVERSION = YES;
				CLANG_WARN_OBJC_ROOT_CLASS = YES_ERROR;
				CLANG_WARN_RANGE_LOOP_ANALYSIS = YES;
				CLANG_WARN_STRICT_PROTOTYPES = YES;
				CLANG_WARN_SUSPICIOUS_MOVE = YES;
				CLANG_WARN_UNGUARDED_AVAILABILITY = YES_AGGRESSIVE;
				CLANG_WARN_UNREACHABLE_CODE = YES;
				CLANG_WARN__DUPLICATE_METHOD_MATCH = YES;
				CODE_SIGN_IDENTITY = "iPhone Developer";
				COPY_PHASE_STRIP = NO;
				DEBUG_INFORMATION_FORMAT = "dwarf-with-dsym";
				ENABLE_NS_ASSERTIONS = NO;
				ENABLE_STRICT_OBJC_MSGSEND = YES;
				GCC_C_LANGUAGE_STANDARD = gnu11;
				GCC_NO_COMMON_BLOCKS = YES;
				GCC_WARN_64_TO_32_BIT_CONVERSION = YES;
				GCC_WARN_ABOUT_RETURN_TYPE = YES_ERROR;
				GCC_WARN_UNDECLARED_SELECTOR = YES;
				GCC_WARN_UNINITIALIZED_AUTOS = YES_AGGRESSIVE;
				GCC_WARN_UNUSED_FUNCTION = YES;
				GCC_WARN_UNUSED_VARIABLE = YES;
				IPHONEOS_DEPLOYMENT_TARGET = 11.4;
				MTL_ENABLE_DEBUG_INFO = NO;
				SDKROOT = iphoneos;
				SWIFT_COMPILATION_MODE = wholemodule;
				SWIFT_OPTIMIZATION_LEVEL = "-O";
				VALIDATE_PRODUCT = YES;
			};
			name = Release;
		};
		B338DE02212C49C300639448 /* Debug */ = {
			isa = XCBuildConfiguration;
			buildSettings = {
				ASSETCATALOG_COMPILER_APPICON_NAME = AppIcon;
				CODE_SIGN_IDENTITY = "iPhone Developer";
				CODE_SIGN_STYLE = Automatic;
				DEVELOPMENT_TEAM = N7XMBC9GRW;
				INFOPLIST_FILE = "ios-ci/Info.plist";
				LD_RUNPATH_SEARCH_PATHS = (
					"$(inherited)",
					"@executable_path/Frameworks",
				);
				PRODUCT_BUNDLE_IDENTIFIER = "com.or.ios-ci";
				PRODUCT_NAME = "$(TARGET_NAME)";
				PROVISIONING_PROFILE_SPECIFIER = "";
				SWIFT_VERSION = 4.0;
				TARGETED_DEVICE_FAMILY = "1,2";
			};
			name = Debug;
		};
		B338DE03212C49C300639448 /* Release */ = {
			isa = XCBuildConfiguration;
			buildSettings = {
				ASSETCATALOG_COMPILER_APPICON_NAME = AppIcon;
				CODE_SIGN_IDENTITY = "iPhone Developer";
				CODE_SIGN_STYLE = Automatic;
				DEVELOPMENT_TEAM = N7XMBC9GRW;
				INFOPLIST_FILE = "ios-ci/Info.plist";
				LD_RUNPATH_SEARCH_PATHS = (
					"$(inherited)",
					"@executable_path/Frameworks",
				);
				PRODUCT_BUNDLE_IDENTIFIER = "com.or.ios-ci";
				PRODUCT_NAME = "$(TARGET_NAME)";
				PROVISIONING_PROFILE_SPECIFIER = "";
				SWIFT_VERSION = 4.0;
				TARGETED_DEVICE_FAMILY = "1,2";
			};
			name = Release;
		};
		B338DE05212C49C300639448 /* Debug */ = {
			isa = XCBuildConfiguration;
			buildSettings = {
				ALWAYS_EMBED_SWIFT_STANDARD_LIBRARIES = YES;
				BUNDLE_LOADER = "$(TEST_HOST)";
				CODE_SIGN_STYLE = Automatic;
				INFOPLIST_FILE = "ios-ciTests/Info.plist";
				LD_RUNPATH_SEARCH_PATHS = (
					"$(inherited)",
					"@executable_path/Frameworks",
					"@loader_path/Frameworks",
				);
				PRODUCT_BUNDLE_IDENTIFIER = "com.or.ios-ciTests";
				PRODUCT_NAME = "$(TARGET_NAME)";
				SWIFT_VERSION = 4.0;
				TARGETED_DEVICE_FAMILY = "1,2";
				TEST_HOST = "$(BUILT_PRODUCTS_DIR)/ios-ci.app/ios-ci";
			};
			name = Debug;
		};
		B338DE06212C49C300639448 /* Release */ = {
			isa = XCBuildConfiguration;
			buildSettings = {
				ALWAYS_EMBED_SWIFT_STANDARD_LIBRARIES = YES;
				BUNDLE_LOADER = "$(TEST_HOST)";
				CODE_SIGN_STYLE = Automatic;
				INFOPLIST_FILE = "ios-ciTests/Info.plist";
				LD_RUNPATH_SEARCH_PATHS = (
					"$(inherited)",
					"@executable_path/Frameworks",
					"@loader_path/Frameworks",
				);
				PRODUCT_BUNDLE_IDENTIFIER = "com.or.ios-ciTests";
				PRODUCT_NAME = "$(TARGET_NAME)";
				SWIFT_VERSION = 4.0;
				TARGETED_DEVICE_FAMILY = "1,2";
				TEST_HOST = "$(BUILT_PRODUCTS_DIR)/ios-ci.app/ios-ci";
			};
			name = Release;
		};
/* End XCBuildConfiguration section */

/* Begin XCConfigurationList section */
		B338DDDF212C49C200639448 /* Build configuration list for PBXProject "ios-ci" */ = {
			isa = XCConfigurationList;
			buildConfigurations = (
				B338DDFF212C49C300639448 /* Debug */,
				B338DE00212C49C300639448 /* Release */,
			);
			defaultConfigurationIsVisible = 0;
			defaultConfigurationName = Release;
		};
		B338DE01212C49C300639448 /* Build configuration list for PBXNativeTarget "ios-ci" */ = {
			isa = XCConfigurationList;
			buildConfigurations = (
				B338DE02212C49C300639448 /* Debug */,
				B338DE03212C49C300639448 /* Release */,
			);
			defaultConfigurationIsVisible = 0;
			defaultConfigurationName = Release;
		};
		B338DE04212C49C300639448 /* Build configuration list for PBXNativeTarget "ios-ciTests" */ = {
			isa = XCConfigurationList;
			buildConfigurations = (
				B338DE05212C49C300639448 /* Debug */,
				B338DE06212C49C300639448 /* Release */,
			);
			defaultConfigurationIsVisible = 0;
			defaultConfigurationName = Release;
		};
/* End XCConfigurationList section */
	};
	rootObject = B338DDDC212C49C200639448 /* Project object */;
}
